
Microsoft Visual Studio Solution File, Format Version 12.00
# Visual Studio Version 16
VisualStudioVersion = 16.0.31702.278
MinimumVisualStudioVersion = 10.0.40219.1
Project("{FAE04EC0-301F-11D3-BF4B-00C04F79EFBC}") = "QueteClass", "QueteClass.csproj", "{1A5AA3DA-B434-47D5-982F-10A2DB0A9D72}"
EndProject
Global
	GlobalSection(SolutionConfigurationPlatforms) = preSolution
		Debug|Any CPU = Debug|Any CPU
		Release|Any CPU = Release|Any CPU
	EndGlobalSection
	GlobalSection(ProjectConfigurationPlatforms) = postSolution
		{1A5AA3DA-B434-47D5-982F-10A2DB0A9D72}.Debug|Any CPU.ActiveCfg = Debug|Any CPU
		{1A5AA3DA-B434-47D5-982F-10A2DB0A9D72}.Debug|Any CPU.Build.0 = Debug|Any CPU
		{1A5AA3DA-B434-47D5-982F-10A2DB0A9D72}.Release|Any CPU.ActiveCfg = Release|Any CPU
		{1A5AA3DA-B434-47D5-982F-10A2DB0A9D72}.Release|Any CPU.Build.0 = Release|Any CPU
	EndGlobalSection
	GlobalSection(SolutionProperties) = preSolution
		HideSolutionNode = FALSE
	EndGlobalSection
	GlobalSection(ExtensibilityGlobals) = postSolution
		SolutionGuid = {6EA94852-0666-4DF4-A574-DB34D51D7BFF}
	EndGlobalSection
EndGlobal
